// !$*UTF8*$!
{
	archiveVersion = 1;
	classes = {
	};
	objectVersion = 56;
	objects = {

/* Begin PBXBuildFile section */
		5D747C792B43F8DA0068B0D0 /* TouchdownApp.swift in Sources */ = {isa = PBXBuildFile; fileRef = 5D747C782B43F8DA0068B0D0 /* TouchdownApp.swift */; };
		5D747C7B2B43F8DA0068B0D0 /* ContentView.swift in Sources */ = {isa = PBXBuildFile; fileRef = 5D747C7A2B43F8DA0068B0D0 /* ContentView.swift */; };
		5D747C7D2B43F8DB0068B0D0 /* Assets.xcassets in Resources */ = {isa = PBXBuildFile; fileRef = 5D747C7C2B43F8DB0068B0D0 /* Assets.xcassets */; };
		5D747C802B43F8DB0068B0D0 /* Preview Assets.xcassets in Resources */ = {isa = PBXBuildFile; fileRef = 5D747C7F2B43F8DB0068B0D0 /* Preview Assets.xcassets */; };
		5D747C8A2B43FB820068B0D0 /* brand.json in Resources */ = {isa = PBXBuildFile; fileRef = 5D747C862B43FB810068B0D0 /* brand.json */; };
		5D747C8B2B43FB820068B0D0 /* category.json in Resources */ = {isa = PBXBuildFile; fileRef = 5D747C872B43FB810068B0D0 /* category.json */; };
		5D747C8C2B43FB820068B0D0 /* player.json in Resources */ = {isa = PBXBuildFile; fileRef = 5D747C882B43FB820068B0D0 /* player.json */; };
		5D747C8D2B43FB820068B0D0 /* product.json in Resources */ = {isa = PBXBuildFile; fileRef = 5D747C892B43FB820068B0D0 /* product.json */; };
		5D747C962B43FEAE0068B0D0 /* Constant.swift in Sources */ = {isa = PBXBuildFile; fileRef = 5D747C952B43FEAE0068B0D0 /* Constant.swift */; };
		5D747C992B43FF780068B0D0 /* FooterView.swift in Sources */ = {isa = PBXBuildFile; fileRef = 5D747C982B43FF780068B0D0 /* FooterView.swift */; };
		5D747C9B2B47BFFC0068B0D0 /* NavigationBarView.swift in Sources */ = {isa = PBXBuildFile; fileRef = 5D747C9A2B47BFFC0068B0D0 /* NavigationBarView.swift */; };
		5D747C9D2B47C1250068B0D0 /* LogoView.swift in Sources */ = {isa = PBXBuildFile; fileRef = 5D747C9C2B47C1250068B0D0 /* LogoView.swift */; };
		5D747C9F2B47CAF00068B0D0 /* PlayerModel.swift in Sources */ = {isa = PBXBuildFile; fileRef = 5D747C9E2B47CAF00068B0D0 /* PlayerModel.swift */; };
		5D747CA12B47CB200068B0D0 /* CodableBundleExtension.swift in Sources */ = {isa = PBXBuildFile; fileRef = 5D747CA02B47CB200068B0D0 /* CodableBundleExtension.swift */; };
		5D747CA32B47CC1A0068B0D0 /* FeaturedItemView.swift in Sources */ = {isa = PBXBuildFile; fileRef = 5D747CA22B47CC1A0068B0D0 /* FeaturedItemView.swift */; };
		5D747CA52B47CD400068B0D0 /* FeaturedTabView.swift in Sources */ = {isa = PBXBuildFile; fileRef = 5D747CA42B47CD400068B0D0 /* FeaturedTabView.swift */; };
		5D747CAB2B491BF30068B0D0 /* CategoryModel.swift in Sources */ = {isa = PBXBuildFile; fileRef = 5D747CAA2B491BF30068B0D0 /* CategoryModel.swift */; };
		5D747CAD2B491CA90068B0D0 /* CategoryItemView.swift in Sources */ = {isa = PBXBuildFile; fileRef = 5D747CAC2B491CA90068B0D0 /* CategoryItemView.swift */; };
		5D747CAF2B491E010068B0D0 /* CategoryGridView.swift in Sources */ = {isa = PBXBuildFile; fileRef = 5D747CAE2B491E010068B0D0 /* CategoryGridView.swift */; };
		5D747CB12B491F5E0068B0D0 /* SectionView.swift in Sources */ = {isa = PBXBuildFile; fileRef = 5D747CB02B491F5E0068B0D0 /* SectionView.swift */; };
		5D747CB32B4A86C80068B0D0 /* TitleView.swift in Sources */ = {isa = PBXBuildFile; fileRef = 5D747CB22B4A86C80068B0D0 /* TitleView.swift */; };
		5D747CB52B4A87A30068B0D0 /* ProductModel.swift in Sources */ = {isa = PBXBuildFile; fileRef = 5D747CB42B4A87A30068B0D0 /* ProductModel.swift */; };
		5D747CB72B4A883F0068B0D0 /* ProductItemView.swift in Sources */ = {isa = PBXBuildFile; fileRef = 5D747CB62B4A883F0068B0D0 /* ProductItemView.swift */; };
		5D747CB92B4BD0560068B0D0 /* BrandModel.swift in Sources */ = {isa = PBXBuildFile; fileRef = 5D747CB82B4BD0560068B0D0 /* BrandModel.swift */; };
		5D747CBB2B4BD0C60068B0D0 /* BrandItemView.swift in Sources */ = {isa = PBXBuildFile; fileRef = 5D747CBA2B4BD0C60068B0D0 /* BrandItemView.swift */; };
		5D747CBD2B4BD2970068B0D0 /* BrandGridView.swift in Sources */ = {isa = PBXBuildFile; fileRef = 5D747CBC2B4BD2970068B0D0 /* BrandGridView.swift */; };
		5D747CF42B4E560D0068B0D0 /* ProductDetailView.swift in Sources */ = {isa = PBXBuildFile; fileRef = 5D747CF32B4E560D0068B0D0 /* ProductDetailView.swift */; };
		5D747CF72B4E57860068B0D0 /* NavigationBarDetailView.swift in Sources */ = {isa = PBXBuildFile; fileRef = 5D747CF62B4E57860068B0D0 /* NavigationBarDetailView.swift */; };
		5D747CF92B4E59290068B0D0 /* HeaderDetailView.swift in Sources */ = {isa = PBXBuildFile; fileRef = 5D747CF82B4E59290068B0D0 /* HeaderDetailView.swift */; };
/* End PBXBuildFile section */

/* Begin PBXFileReference section */
		5D747C752B43F8DA0068B0D0 /* Touchdown.app */ = {isa = PBXFileReference; explicitFileType = wrapper.application; includeInIndex = 0; path = Touchdown.app; sourceTree = BUILT_PRODUCTS_DIR; };
		5D747C782B43F8DA0068B0D0 /* TouchdownApp.swift */ = {isa = PBXFileReference; lastKnownFileType = sourcecode.swift; path = TouchdownApp.swift; sourceTree = "<group>"; };
		5D747C7A2B43F8DA0068B0D0 /* ContentView.swift */ = {isa = PBXFileReference; lastKnownFileType = sourcecode.swift; path = ContentView.swift; sourceTree = "<group>"; };
		5D747C7C2B43F8DB0068B0D0 /* Assets.xcassets */ = {isa = PBXFileReference; lastKnownFileType = folder.assetcatalog; path = Assets.xcassets; sourceTree = "<group>"; };
		5D747C7F2B43F8DB0068B0D0 /* Preview Assets.xcassets */ = {isa = PBXFileReference; lastKnownFileType = folder.assetcatalog; path = "Preview Assets.xcassets"; sourceTree = "<group>"; };
		5D747C862B43FB810068B0D0 /* brand.json */ = {isa = PBXFileReference; fileEncoding = 4; lastKnownFileType = text.json; path = brand.json; sourceTree = "<group>"; };
		5D747C872B43FB810068B0D0 /* category.json */ = {isa = PBXFileReference; fileEncoding = 4; lastKnownFileType = text.json; path = category.json; sourceTree = "<group>"; };
		5D747C882B43FB820068B0D0 /* player.json */ = {isa = PBXFileReference; fileEncoding = 4; lastKnownFileType = text.json; path = player.json; sourceTree = "<group>"; };
		5D747C892B43FB820068B0D0 /* product.json */ = {isa = PBXFileReference; fileEncoding = 4; lastKnownFileType = text.json; path = product.json; sourceTree = "<group>"; };
		5D747C8F2B43FCC00068B0D0 /* Info.plist */ = {isa = PBXFileReference; lastKnownFileType = text.plist; path = Info.plist; sourceTree = "<group>"; };
		5D747C952B43FEAE0068B0D0 /* Constant.swift */ = {isa = PBXFileReference; lastKnownFileType = sourcecode.swift; path = Constant.swift; sourceTree = "<group>"; };
		5D747C982B43FF780068B0D0 /* FooterView.swift */ = {isa = PBXFileReference; lastKnownFileType = sourcecode.swift; path = FooterView.swift; sourceTree = "<group>"; };
		5D747C9A2B47BFFC0068B0D0 /* NavigationBarView.swift */ = {isa = PBXFileReference; lastKnownFileType = sourcecode.swift; path = NavigationBarView.swift; sourceTree = "<group>"; };
		5D747C9C2B47C1250068B0D0 /* LogoView.swift */ = {isa = PBXFileReference; lastKnownFileType = sourcecode.swift; path = LogoView.swift; sourceTree = "<group>"; };
		5D747C9E2B47CAF00068B0D0 /* PlayerModel.swift */ = {isa = PBXFileReference; lastKnownFileType = sourcecode.swift; path = PlayerModel.swift; sourceTree = "<group>"; };
		5D747CA02B47CB200068B0D0 /* CodableBundleExtension.swift */ = {isa = PBXFileReference; lastKnownFileType = sourcecode.swift; path = CodableBundleExtension.swift; sourceTree = "<group>"; };
		5D747CA22B47CC1A0068B0D0 /* FeaturedItemView.swift */ = {isa = PBXFileReference; lastKnownFileType = sourcecode.swift; path = FeaturedItemView.swift; sourceTree = "<group>"; };
		5D747CA42B47CD400068B0D0 /* FeaturedTabView.swift */ = {isa = PBXFileReference; lastKnownFileType = sourcecode.swift; path = FeaturedTabView.swift; sourceTree = "<group>"; };
		5D747CAA2B491BF30068B0D0 /* CategoryModel.swift */ = {isa = PBXFileReference; lastKnownFileType = sourcecode.swift; path = CategoryModel.swift; sourceTree = "<group>"; };
		5D747CAC2B491CA90068B0D0 /* CategoryItemView.swift */ = {isa = PBXFileReference; lastKnownFileType = sourcecode.swift; path = CategoryItemView.swift; sourceTree = "<group>"; };
		5D747CAE2B491E010068B0D0 /* CategoryGridView.swift */ = {isa = PBXFileReference; lastKnownFileType = sourcecode.swift; path = CategoryGridView.swift; sourceTree = "<group>"; };
		5D747CB02B491F5E0068B0D0 /* SectionView.swift */ = {isa = PBXFileReference; lastKnownFileType = sourcecode.swift; path = SectionView.swift; sourceTree = "<group>"; };
		5D747CB22B4A86C80068B0D0 /* TitleView.swift */ = {isa = PBXFileReference; lastKnownFileType = sourcecode.swift; path = TitleView.swift; sourceTree = "<group>"; };
		5D747CB42B4A87A30068B0D0 /* ProductModel.swift */ = {isa = PBXFileReference; lastKnownFileType = sourcecode.swift; path = ProductModel.swift; sourceTree = "<group>"; };
		5D747CB62B4A883F0068B0D0 /* ProductItemView.swift */ = {isa = PBXFileReference; lastKnownFileType = sourcecode.swift; path = ProductItemView.swift; sourceTree = "<group>"; };
		5D747CB82B4BD0560068B0D0 /* BrandModel.swift */ = {isa = PBXFileReference; lastKnownFileType = sourcecode.swift; path = BrandModel.swift; sourceTree = "<group>"; };
		5D747CBA2B4BD0C60068B0D0 /* BrandItemView.swift */ = {isa = PBXFileReference; lastKnownFileType = sourcecode.swift; path = BrandItemView.swift; sourceTree = "<group>"; };
		5D747CBC2B4BD2970068B0D0 /* BrandGridView.swift */ = {isa = PBXFileReference; lastKnownFileType = sourcecode.swift; path = BrandGridView.swift; sourceTree = "<group>"; };
		5D747CF32B4E560D0068B0D0 /* ProductDetailView.swift */ = {isa = PBXFileReference; lastKnownFileType = sourcecode.swift; path = ProductDetailView.swift; sourceTree = "<group>"; };
		5D747CF62B4E57860068B0D0 /* NavigationBarDetailView.swift */ = {isa = PBXFileReference; lastKnownFileType = sourcecode.swift; path = NavigationBarDetailView.swift; sourceTree = "<group>"; };
		5D747CF82B4E59290068B0D0 /* HeaderDetailView.swift */ = {isa = PBXFileReference; lastKnownFileType = sourcecode.swift; path = HeaderDetailView.swift; sourceTree = "<group>"; };
/* End PBXFileReference section */

/* Begin PBXFrameworksBuildPhase section */
		5D747C722B43F8DA0068B0D0 /* Frameworks */ = {
			isa = PBXFrameworksBuildPhase;
			buildActionMask = 2147483647;
			files = (
			);
			runOnlyForDeploymentPostprocessing = 0;
		};
/* End PBXFrameworksBuildPhase section */

/* Begin PBXGroup section */
		5D747C6C2B43F8DA0068B0D0 = {
			isa = PBXGroup;
			children = (
				5D747C772B43F8DA0068B0D0 /* Touchdown */,
				5D747C762B43F8DA0068B0D0 /* Products */,
			);
			sourceTree = "<group>";
		};
		5D747C762B43F8DA0068B0D0 /* Products */ = {
			isa = PBXGroup;
			children = (
				5D747C752B43F8DA0068B0D0 /* Touchdown.app */,
			);
			name = Products;
			sourceTree = "<group>";
		};
		5D747C772B43F8DA0068B0D0 /* Touchdown */ = {
			isa = PBXGroup;
			children = (
				5D747C902B43FDC30068B0D0 /* App */,
				5D747C8E2B43FB8C0068B0D0 /* Data */,
				5D747C922B43FE090068B0D0 /* Extension */,
				5D747C932B43FE190068B0D0 /* Model */,
				5D747C912B43FDEB0068B0D0 /* Utility */,
				5D747C942B43FE290068B0D0 /* View */,
				5D747C7C2B43F8DB0068B0D0 /* Assets.xcassets */,
				5D747C8F2B43FCC00068B0D0 /* Info.plist */,
				5D747C7E2B43F8DB0068B0D0 /* Preview Content */,
			);
			path = Touchdown;
			sourceTree = "<group>";
		};
		5D747C7E2B43F8DB0068B0D0 /* Preview Content */ = {
			isa = PBXGroup;
			children = (
				5D747C7F2B43F8DB0068B0D0 /* Preview Assets.xcassets */,
			);
			path = "Preview Content";
			sourceTree = "<group>";
		};
		5D747C8E2B43FB8C0068B0D0 /* Data */ = {
			isa = PBXGroup;
			children = (
				5D747C862B43FB810068B0D0 /* brand.json */,
				5D747C872B43FB810068B0D0 /* category.json */,
				5D747C882B43FB820068B0D0 /* player.json */,
				5D747C892B43FB820068B0D0 /* product.json */,
			);
			path = Data;
			sourceTree = "<group>";
		};
		5D747C902B43FDC30068B0D0 /* App */ = {
			isa = PBXGroup;
			children = (
				5D747C782B43F8DA0068B0D0 /* TouchdownApp.swift */,
				5D747C7A2B43F8DA0068B0D0 /* ContentView.swift */,
				5D747CF32B4E560D0068B0D0 /* ProductDetailView.swift */,
			);
			path = App;
			sourceTree = "<group>";
		};
		5D747C912B43FDEB0068B0D0 /* Utility */ = {
			isa = PBXGroup;
			children = (
				5D747C952B43FEAE0068B0D0 /* Constant.swift */,
			);
			path = Utility;
			sourceTree = "<group>";
		};
		5D747C922B43FE090068B0D0 /* Extension */ = {
			isa = PBXGroup;
			children = (
				5D747CA02B47CB200068B0D0 /* CodableBundleExtension.swift */,
			);
			path = Extension;
			sourceTree = "<group>";
		};
		5D747C932B43FE190068B0D0 /* Model */ = {
			isa = PBXGroup;
			children = (
				5D747C9E2B47CAF00068B0D0 /* PlayerModel.swift */,
				5D747CAA2B491BF30068B0D0 /* CategoryModel.swift */,
				5D747CB42B4A87A30068B0D0 /* ProductModel.swift */,
				5D747CB82B4BD0560068B0D0 /* BrandModel.swift */,
			);
			path = Model;
			sourceTree = "<group>";
		};
		5D747C942B43FE290068B0D0 /* View */ = {
			isa = PBXGroup;
			children = (
				5D747CF52B4E57740068B0D0 /* Detail */,
				5D747C972B43FF620068B0D0 /* Home */,
			);
			path = View;
			sourceTree = "<group>";
		};
		5D747C972B43FF620068B0D0 /* Home */ = {
			isa = PBXGroup;
			children = (
				5D747C982B43FF780068B0D0 /* FooterView.swift */,
				5D747C9A2B47BFFC0068B0D0 /* NavigationBarView.swift */,
				5D747C9C2B47C1250068B0D0 /* LogoView.swift */,
				5D747CA22B47CC1A0068B0D0 /* FeaturedItemView.swift */,
				5D747CA42B47CD400068B0D0 /* FeaturedTabView.swift */,
				5D747CAC2B491CA90068B0D0 /* CategoryItemView.swift */,
				5D747CAE2B491E010068B0D0 /* CategoryGridView.swift */,
				5D747CB02B491F5E0068B0D0 /* SectionView.swift */,
				5D747CB22B4A86C80068B0D0 /* TitleView.swift */,
				5D747CB62B4A883F0068B0D0 /* ProductItemView.swift */,
				5D747CBA2B4BD0C60068B0D0 /* BrandItemView.swift */,
				5D747CBC2B4BD2970068B0D0 /* BrandGridView.swift */,
			);
			path = Home;
			sourceTree = "<group>";
		};
		5D747CF52B4E57740068B0D0 /* Detail */ = {
			isa = PBXGroup;
			children = (
				5D747CF62B4E57860068B0D0 /* NavigationBarDetailView.swift */,
				5D747CF82B4E59290068B0D0 /* HeaderDetailView.swift */,
			);
			path = Detail;
			sourceTree = "<group>";
		};
/* End PBXGroup section */

/* Begin PBXNativeTarget section */
		5D747C742B43F8DA0068B0D0 /* Touchdown */ = {
			isa = PBXNativeTarget;
			buildConfigurationList = 5D747C832B43F8DB0068B0D0 /* Build configuration list for PBXNativeTarget "Touchdown" */;
			buildPhases = (
				5D747C712B43F8DA0068B0D0 /* Sources */,
				5D747C722B43F8DA0068B0D0 /* Frameworks */,
				5D747C732B43F8DA0068B0D0 /* Resources */,
			);
			buildRules = (
			);
			dependencies = (
			);
			name = Touchdown;
			productName = Touchdown;
			productReference = 5D747C752B43F8DA0068B0D0 /* Touchdown.app */;
			productType = "com.apple.product-type.application";
		};
/* End PBXNativeTarget section */

/* Begin PBXProject section */
		5D747C6D2B43F8DA0068B0D0 /* Project object */ = {
			isa = PBXProject;
			attributes = {
				BuildIndependentTargetsInParallel = 1;
				LastSwiftUpdateCheck = 1510;
				LastUpgradeCheck = 1510;
				TargetAttributes = {
					5D747C742B43F8DA0068B0D0 = {
						CreatedOnToolsVersion = 15.1;
					};
				};
			};
			buildConfigurationList = 5D747C702B43F8DA0068B0D0 /* Build configuration list for PBXProject "Touchdown" */;
			compatibilityVersion = "Xcode 14.0";
			developmentRegion = en;
			hasScannedForEncodings = 0;
			knownRegions = (
				en,
				Base,
			);
			mainGroup = 5D747C6C2B43F8DA0068B0D0;
			productRefGroup = 5D747C762B43F8DA0068B0D0 /* Products */;
			projectDirPath = "";
			projectRoot = "";
			targets = (
				5D747C742B43F8DA0068B0D0 /* Touchdown */,
			);
		};
/* End PBXProject section */

/* Begin PBXResourcesBuildPhase section */
		5D747C732B43F8DA0068B0D0 /* Resources */ = {
			isa = PBXResourcesBuildPhase;
			buildActionMask = 2147483647;
			files = (
				5D747C8C2B43FB820068B0D0 /* player.json in Resources */,
				5D747C802B43F8DB0068B0D0 /* Preview Assets.xcassets in Resources */,
				5D747C7D2B43F8DB0068B0D0 /* Assets.xcassets in Resources */,
				5D747C8A2B43FB820068B0D0 /* brand.json in Resources */,
				5D747C8B2B43FB820068B0D0 /* category.json in Resources */,
				5D747C8D2B43FB820068B0D0 /* product.json in Resources */,
			);
			runOnlyForDeploymentPostprocessing = 0;
		};
/* End PBXResourcesBuildPhase section */

/* Begin PBXSourcesBuildPhase section */
		5D747C712B43F8DA0068B0D0 /* Sources */ = {
			isa = PBXSourcesBuildPhase;
			buildActionMask = 2147483647;
			files = (
				5D747CA12B47CB200068B0D0 /* CodableBundleExtension.swift in Sources */,
				5D747CF92B4E59290068B0D0 /* HeaderDetailView.swift in Sources */,
				5D747C7B2B43F8DA0068B0D0 /* ContentView.swift in Sources */,
				5D747C9D2B47C1250068B0D0 /* LogoView.swift in Sources */,
				5D747C992B43FF780068B0D0 /* FooterView.swift in Sources */,
				5D747CA32B47CC1A0068B0D0 /* FeaturedItemView.swift in Sources */,
				5D747CB72B4A883F0068B0D0 /* ProductItemView.swift in Sources */,
				5D747CBD2B4BD2970068B0D0 /* BrandGridView.swift in Sources */,
				5D747C9B2B47BFFC0068B0D0 /* NavigationBarView.swift in Sources */,
				5D747CF42B4E560D0068B0D0 /* ProductDetailView.swift in Sources */,
				5D747CF72B4E57860068B0D0 /* NavigationBarDetailView.swift in Sources */,
				5D747C792B43F8DA0068B0D0 /* TouchdownApp.swift in Sources */,
				5D747CAF2B491E010068B0D0 /* CategoryGridView.swift in Sources */,
				5D747CAB2B491BF30068B0D0 /* CategoryModel.swift in Sources */,
				5D747C962B43FEAE0068B0D0 /* Constant.swift in Sources */,
				5D747CB12B491F5E0068B0D0 /* SectionView.swift in Sources */,
				5D747CBB2B4BD0C60068B0D0 /* BrandItemView.swift in Sources */,
				5D747CAD2B491CA90068B0D0 /* CategoryItemView.swift in Sources */,
				5D747CA52B47CD400068B0D0 /* FeaturedTabView.swift in Sources */,
				5D747C9F2B47CAF00068B0D0 /* PlayerModel.swift in Sources */,
				5D747CB92B4BD0560068B0D0 /* BrandModel.swift in Sources */,
				5D747CB32B4A86C80068B0D0 /* TitleView.swift in Sources */,
				5D747CB52B4A87A30068B0D0 /* ProductModel.swift in Sources */,
			);
			runOnlyForDeploymentPostprocessing = 0;
		};
/* End PBXSourcesBuildPhase section */

/* Begin XCBuildConfiguration section */
		5D747C812B43F8DB0068B0D0 /* Debug */ = {
			isa = XCBuildConfiguration;
			buildSettings = {
				ALWAYS_SEARCH_USER_PATHS = NO;
				ASSETCATALOG_COMPILER_GENERATE_SWIFT_ASSET_SYMBOL_EXTENSIONS = YES;
				CLANG_ANALYZER_NONNULL = YES;
				CLANG_ANALYZER_NUMBER_OBJECT_CONVERSION = YES_AGGRESSIVE;
				CLANG_CXX_LANGUAGE_STANDARD = "gnu++20";
				CLANG_ENABLE_MODULES = YES;
				CLANG_ENABLE_OBJC_ARC = YES;
				CLANG_ENABLE_OBJC_WEAK = YES;
				CLANG_WARN_BLOCK_CAPTURE_AUTORELEASING = YES;
				CLANG_WARN_BOOL_CONVERSION = YES;
				CLANG_WARN_COMMA = YES;
				CLANG_WARN_CONSTANT_CONVERSION = YES;
				CLANG_WARN_DEPRECATED_OBJC_IMPLEMENTATIONS = YES;
				CLANG_WARN_DIRECT_OBJC_ISA_USAGE = YES_ERROR;
				CLANG_WARN_DOCUMENTATION_COMMENTS = YES;
				CLANG_WARN_EMPTY_BODY = YES;
				CLANG_WARN_ENUM_CONVERSION = YES;
				CLANG_WARN_INFINITE_RECURSION = YES;
				CLANG_WARN_INT_CONVERSION = YES;
				CLANG_WARN_NON_LITERAL_NULL_CONVERSION = YES;
				CLANG_WARN_OBJC_IMPLICIT_RETAIN_SELF = YES;
				CLANG_WARN_OBJC_LITERAL_CONVERSION = YES;
				CLANG_WARN_OBJC_ROOT_CLASS = YES_ERROR;
				CLANG_WARN_QUOTED_INCLUDE_IN_FRAMEWORK_HEADER = YES;
				CLANG_WARN_RANGE_LOOP_ANALYSIS = YES;
				CLANG_WARN_STRICT_PROTOTYPES = YES;
				CLANG_WARN_SUSPICIOUS_MOVE = YES;
				CLANG_WARN_UNGUARDED_AVAILABILITY = YES_AGGRESSIVE;
				CLANG_WARN_UNREACHABLE_CODE = YES;
				CLANG_WARN__DUPLICATE_METHOD_MATCH = YES;
				COPY_PHASE_STRIP = NO;
				DEBUG_INFORMATION_FORMAT = dwarf;
				ENABLE_STRICT_OBJC_MSGSEND = YES;
				ENABLE_TESTABILITY = YES;
				ENABLE_USER_SCRIPT_SANDBOXING = YES;
				GCC_C_LANGUAGE_STANDARD = gnu17;
				GCC_DYNAMIC_NO_PIC = NO;
				GCC_NO_COMMON_BLOCKS = YES;
				GCC_OPTIMIZATION_LEVEL = 0;
				GCC_PREPROCESSOR_DEFINITIONS = (
					"DEBUG=1",
					"$(inherited)",
				);
				GCC_WARN_64_TO_32_BIT_CONVERSION = YES;
				GCC_WARN_ABOUT_RETURN_TYPE = YES_ERROR;
				GCC_WARN_UNDECLARED_SELECTOR = YES;
				GCC_WARN_UNINITIALIZED_AUTOS = YES_AGGRESSIVE;
				GCC_WARN_UNUSED_FUNCTION = YES;
				GCC_WARN_UNUSED_VARIABLE = YES;
				IPHONEOS_DEPLOYMENT_TARGET = 17.2;
				LOCALIZATION_PREFERS_STRING_CATALOGS = YES;
				MTL_ENABLE_DEBUG_INFO = INCLUDE_SOURCE;
				MTL_FAST_MATH = YES;
				ONLY_ACTIVE_ARCH = YES;
				SDKROOT = iphoneos;
				SWIFT_ACTIVE_COMPILATION_CONDITIONS = "DEBUG $(inherited)";
				SWIFT_OPTIMIZATION_LEVEL = "-Onone";
			};
			name = Debug;
		};
		5D747C822B43F8DB0068B0D0 /* Release */ = {
			isa = XCBuildConfiguration;
			buildSettings = {
				ALWAYS_SEARCH_USER_PATHS = NO;
				ASSETCATALOG_COMPILER_GENERATE_SWIFT_ASSET_SYMBOL_EXTENSIONS = YES;
				CLANG_ANALYZER_NONNULL = YES;
				CLANG_ANALYZER_NUMBER_OBJECT_CONVERSION = YES_AGGRESSIVE;
				CLANG_CXX_LANGUAGE_STANDARD = "gnu++20";
				CLANG_ENABLE_MODULES = YES;
				CLANG_ENABLE_OBJC_ARC = YES;
				CLANG_ENABLE_OBJC_WEAK = YES;
				CLANG_WARN_BLOCK_CAPTURE_AUTORELEASING = YES;
				CLANG_WARN_BOOL_CONVERSION = YES;
				CLANG_WARN_COMMA = YES;
				CLANG_WARN_CONSTANT_CONVERSION = YES;
				CLANG_WARN_DEPRECATED_OBJC_IMPLEMENTATIONS = YES;
				CLANG_WARN_DIRECT_OBJC_ISA_USAGE = YES_ERROR;
				CLANG_WARN_DOCUMENTATION_COMMENTS = YES;
				CLANG_WARN_EMPTY_BODY = YES;
				CLANG_WARN_ENUM_CONVERSION = YES;
				CLANG_WARN_INFINITE_RECURSION = YES;
				CLANG_WARN_INT_CONVERSION = YES;
				CLANG_WARN_NON_LITERAL_NULL_CONVERSION = YES;
				CLANG_WARN_OBJC_IMPLICIT_RETAIN_SELF = YES;
				CLANG_WARN_OBJC_LITERAL_CONVERSION = YES;
				CLANG_WARN_OBJC_ROOT_CLASS = YES_ERROR;
				CLANG_WARN_QUOTED_INCLUDE_IN_FRAMEWORK_HEADER = YES;
				CLANG_WARN_RANGE_LOOP_ANALYSIS = YES;
				CLANG_WARN_STRICT_PROTOTYPES = YES;
				CLANG_WARN_SUSPICIOUS_MOVE = YES;
				CLANG_WARN_UNGUARDED_AVAILABILITY = YES_AGGRESSIVE;
				CLANG_WARN_UNREACHABLE_CODE = YES;
				CLANG_WARN__DUPLICATE_METHOD_MATCH = YES;
				COPY_PHASE_STRIP = NO;
				DEBUG_INFORMATION_FORMAT = "dwarf-with-dsym";
				ENABLE_NS_ASSERTIONS = NO;
				ENABLE_STRICT_OBJC_MSGSEND = YES;
				ENABLE_USER_SCRIPT_SANDBOXING = YES;
				GCC_C_LANGUAGE_STANDARD = gnu17;
				GCC_NO_COMMON_BLOCKS = YES;
				GCC_WARN_64_TO_32_BIT_CONVERSION = YES;
				GCC_WARN_ABOUT_RETURN_TYPE = YES_ERROR;
				GCC_WARN_UNDECLARED_SELECTOR = YES;
				GCC_WARN_UNINITIALIZED_AUTOS = YES_AGGRESSIVE;
				GCC_WARN_UNUSED_FUNCTION = YES;
				GCC_WARN_UNUSED_VARIABLE = YES;
				IPHONEOS_DEPLOYMENT_TARGET = 17.2;
				LOCALIZATION_PREFERS_STRING_CATALOGS = YES;
				MTL_ENABLE_DEBUG_INFO = NO;
				MTL_FAST_MATH = YES;
				SDKROOT = iphoneos;
				SWIFT_COMPILATION_MODE = wholemodule;
				VALIDATE_PRODUCT = YES;
			};
			name = Release;
		};
		5D747C842B43F8DB0068B0D0 /* Debug */ = {
			isa = XCBuildConfiguration;
			buildSettings = {
				ASSETCATALOG_COMPILER_APPICON_NAME = AppIcon;
				ASSETCATALOG_COMPILER_GLOBAL_ACCENT_COLOR_NAME = AccentColor;
				CODE_SIGN_STYLE = Automatic;
				CURRENT_PROJECT_VERSION = 1;
				DEVELOPMENT_ASSET_PATHS = "\"Touchdown/Preview Content\"";
				DEVELOPMENT_TEAM = 3C2X999TFX;
				ENABLE_PREVIEWS = YES;
				GENERATE_INFOPLIST_FILE = YES;
				INFOPLIST_FILE = Touchdown/Info.plist;
				INFOPLIST_KEY_UIApplicationSceneManifest_Generation = YES;
				INFOPLIST_KEY_UIApplicationSupportsIndirectInputEvents = YES;
				INFOPLIST_KEY_UISupportedInterfaceOrientations = UIInterfaceOrientationPortrait;
				INFOPLIST_KEY_UISupportedInterfaceOrientations_iPad = "UIInterfaceOrientationLandscapeLeft UIInterfaceOrientationLandscapeRight UIInterfaceOrientationPortrait UIInterfaceOrientationPortraitUpsideDown";
				INFOPLIST_KEY_UIUserInterfaceStyle = Light;
				LD_RUNPATH_SEARCH_PATHS = (
					"$(inherited)",
					"@executable_path/Frameworks",
				);
				MARKETING_VERSION = 1.0;
				PRODUCT_BUNDLE_IDENTIFIER = com.julltron.Touchdown;
				PRODUCT_NAME = "$(TARGET_NAME)";
				SWIFT_EMIT_LOC_STRINGS = YES;
				SWIFT_VERSION = 5.0;
				TARGETED_DEVICE_FAMILY = "1,2";
			};
			name = Debug;
		};
		5D747C852B43F8DB0068B0D0 /* Release */ = {
			isa = XCBuildConfiguration;
			buildSettings = {
				ASSETCATALOG_COMPILER_APPICON_NAME = AppIcon;
				ASSETCATALOG_COMPILER_GLOBAL_ACCENT_COLOR_NAME = AccentColor;
				CODE_SIGN_STYLE = Automatic;
				CURRENT_PROJECT_VERSION = 1;
				DEVELOPMENT_ASSET_PATHS = "\"Touchdown/Preview Content\"";
				DEVELOPMENT_TEAM = 3C2X999TFX;
				ENABLE_PREVIEWS = YES;
				GENERATE_INFOPLIST_FILE = YES;
				INFOPLIST_FILE = Touchdown/Info.plist;
				INFOPLIST_KEY_UIApplicationSceneManifest_Generation = YES;
				INFOPLIST_KEY_UIApplicationSupportsIndirectInputEvents = YES;
				INFOPLIST_KEY_UISupportedInterfaceOrientations = UIInterfaceOrientationPortrait;
				INFOPLIST_KEY_UISupportedInterfaceOrientations_iPad = "UIInterfaceOrientationLandscapeLeft UIInterfaceOrientationLandscapeRight UIInterfaceOrientationPortrait UIInterfaceOrientationPortraitUpsideDown";
				INFOPLIST_KEY_UIUserInterfaceStyle = Light;
				LD_RUNPATH_SEARCH_PATHS = (
					"$(inherited)",
					"@executable_path/Frameworks",
				);
				MARKETING_VERSION = 1.0;
				PRODUCT_BUNDLE_IDENTIFIER = com.julltron.Touchdown;
				PRODUCT_NAME = "$(TARGET_NAME)";
				SWIFT_EMIT_LOC_STRINGS = YES;
				SWIFT_VERSION = 5.0;
				TARGETED_DEVICE_FAMILY = "1,2";
			};
			name = Release;
		};
/* End XCBuildConfiguration section */

/* Begin XCConfigurationList section */
		5D747C702B43F8DA0068B0D0 /* Build configuration list for PBXProject "Touchdown" */ = {
			isa = XCConfigurationList;
			buildConfigurations = (
				5D747C812B43F8DB0068B0D0 /* Debug */,
				5D747C822B43F8DB0068B0D0 /* Release */,
			);
			defaultConfigurationIsVisible = 0;
			defaultConfigurationName = Release;
		};
		5D747C832B43F8DB0068B0D0 /* Build configuration list for PBXNativeTarget "Touchdown" */ = {
			isa = XCConfigurationList;
			buildConfigurations = (
				5D747C842B43F8DB0068B0D0 /* Debug */,
				5D747C852B43F8DB0068B0D0 /* Release */,
			);
			defaultConfigurationIsVisible = 0;
			defaultConfigurationName = Release;
		};
/* End XCConfigurationList section */
	};
	rootObject = 5D747C6D2B43F8DA0068B0D0 /* Project object */;
}
